
Microsoft Visual Studio Solution File, Format Version 12.00
Project("{FAE04EC0-301F-11D3-BF4B-00C04F79EFBC}") = "RaylibTimelineRenderingPrototype", "RaylibTimelineRenderingPrototype\RaylibTimelineRenderingPrototype.csproj", "{319D4D6F-174F-45F7-803B-1D4DBC977E90}"
EndProject
Global
	GlobalSection(SolutionConfigurationPlatforms) = preSolution
		Debug|Any CPU = Debug|Any CPU
		Release|Any CPU = Release|Any CPU
	EndGlobalSection
	GlobalSection(ProjectConfigurationPlatforms) = postSolution
		{319D4D6F-174F-45F7-803B-1D4DBC977E90}.Debug|Any CPU.ActiveCfg = Debug|Any CPU
		{319D4D6F-174F-45F7-803B-1D4DBC977E90}.Debug|Any CPU.Build.0 = Debug|Any CPU
		{319D4D6F-174F-45F7-803B-1D4DBC977E90}.Release|Any CPU.ActiveCfg = Release|Any CPU
		{319D4D6F-174F-45F7-803B-1D4DBC977E90}.Release|Any CPU.Build.0 = Release|Any CPU
	EndGlobalSection
EndGlobal
